
Microsoft Visual Studio Solution File, Format Version 12.00
# Visual Studio Version 17
VisualStudioVersion = 17.14.36414.22 d17.14
MinimumVisualStudioVersion = 10.0.40219.1
Project("{FAE04EC0-301F-11D3-BF4B-00C04F79EFBC}") = "TipCalc", "TipCalc\TipCalc.csproj", "{865A9A77-E5BE-4A80-8C4F-F37E2CB3BCE0}"
EndProject
Global
	GlobalSection(SolutionConfigurationPlatforms) = preSolution
		Debug|Any CPU = Debug|Any CPU
		Release|Any CPU = Release|Any CPU
	EndGlobalSection
	GlobalSection(ProjectConfigurationPlatforms) = postSolution
		{865A9A77-E5BE-4A80-8C4F-F37E2CB3BCE0}.Debug|Any CPU.ActiveCfg = Debug|Any CPU
		{865A9A77-E5BE-4A80-8C4F-F37E2CB3BCE0}.Debug|Any CPU.Build.0 = Debug|Any CPU
		{865A9A77-E5BE-4A80-8C4F-F37E2CB3BCE0}.Release|Any CPU.ActiveCfg = Release|Any CPU
		{865A9A77-E5BE-4A80-8C4F-F37E2CB3BCE0}.Release|Any CPU.Build.0 = Release|Any CPU
	EndGlobalSection
	GlobalSection(SolutionProperties) = preSolution
		HideSolutionNode = FALSE
	EndGlobalSection
	GlobalSection(ExtensibilityGlobals) = postSolution
		SolutionGuid = {8B764D8C-4A9A-4CD9-8BDE-7D234D21C6B7}
	EndGlobalSection
EndGlobal
